{
  "name": "bim",
  "version": "1.0.0",
  "lockfileVersion": 2,
  "requires": true,
  "packages": {
    "": {
      "name": "bim",
      "version": "1.0.0",
      "license": "ISC",
      "dependencies": {
        "@tweenjs/tween.js": "^18.6.4",
        "pako": "^2.0.4",
        "three": "^0.141.0",
        "three-mesh-bvh": "^0.5.14",
        "web-ifc-three": "^0.0.117"
      }
    },
    "node_modules/@tweenjs/tween.js": {
      "version": "18.6.4",
      "resolved": "https://registry.npmjs.org/@tweenjs/tween.js/-/tween.js-18.6.4.tgz",
      "integrity": "sha512-lB9lMjuqjtuJrx7/kOkqQBtllspPIN+96OvTCeJ2j5FEzinoAXTdAMFnDAQT1KVPRlnYfBrqxtqP66vDM40xxQ=="
    },
    "node_modules/pako": {
      "version": "2.0.4",
      "resolved": "https://registry.npmjs.org/pako/-/pako-2.0.4.tgz",
      "integrity": "sha512-v8tweI900AUkZN6heMU/4Uy4cXRc2AYNRggVmTR+dEncawDJgCdLMximOVA2p4qO57WMynangsfGRb5WD6L1Bg=="
    },
    "node_modules/three": {
      "version": "0.141.0",
      "resolved": "https://registry.npmjs.org/three/-/three-0.141.0.tgz",
      "integrity": "sha512-JaSDAPWuk4RTzG5BYRQm8YZbERUxTfTDVouWgHMisS2to4E5fotMS9F2zPFNOIJyEFTTQDDKPpsgZVThKU3pXA=="
    },
    "node_modules/three-mesh-bvh": {
      "version": "0.5.14",
      "resolved": "https://registry.npmjs.org/three-mesh-bvh/-/three-mesh-bvh-0.5.14.tgz",
      "integrity": "sha512-rSk7SpKDR47m1PmkUxt5na5+dM4h0KW5zF43lMniZGjT4hQn9Om+g64ooFreFIWlQlrNN8pFqiPnDMRZS58/Yw==",
      "peerDependencies": {
        "three": ">= 0.123.0"
      }
    },
    "node_modules/web-ifc": {
      "version": "0.0.35",
      "resolved": "https://registry.npmjs.org/web-ifc/-/web-ifc-0.0.35.tgz",
      "integrity": "sha512-if/L9RiJAD+jJ1oWtHj44+o2NG6K6azK0otE9Pbppr5hNBnouYfJQNmnHZ+Ya+wZeaByo9KeU64D60Y6lFnT4w=="
    },
    "node_modules/web-ifc-three": {
      "version": "0.0.117",
      "resolved": "https://registry.npmjs.org/web-ifc-three/-/web-ifc-three-0.0.117.tgz",
      "integrity": "sha512-gXSaKehOkAQw2Di7v6LOqazhquVqdoaueMjiuqNX2OBEFnHFCLUF+9KMlzx3tPUmmcS9fTDRim/dskcGXH/32g==",
      "dependencies": {
        "three": "^0.135.0",
        "three-mesh-bvh": "^0.5.11",
        "web-ifc": "^0.0.35"
      },
      "peerDependencies": {
        "three": "^0.135.0"
      }
    },
    "node_modules/web-ifc-three/node_modules/three": {
      "version": "0.135.0",
      "resolved": "https://registry.npmjs.org/three/-/three-0.135.0.tgz",
      "integrity": "sha512-kuEpuuxRzLv0MDsXai9huCxOSQPZ4vje6y0gn80SRmQvgz6/+rI0NAvCRAw56zYaWKMGMfqKWsxF9Qa2Z9xymQ=="
    }
  },
  "dependencies": {
    "@tweenjs/tween.js": {
      "version": "18.6.4",
      "resolved": "https://registry.npmjs.org/@tweenjs/tween.js/-/tween.js-18.6.4.tgz",
      "integrity": "sha512-lB9lMjuqjtuJrx7/kOkqQBtllspPIN+96OvTCeJ2j5FEzinoAXTdAMFnDAQT1KVPRlnYfBrqxtqP66vDM40xxQ=="
    },
    "pako": {
      "version": "2.0.4",
      "resolved": "https://registry.npmjs.org/pako/-/pako-2.0.4.tgz",
      "integrity": "sha512-v8tweI900AUkZN6heMU/4Uy4cXRc2AYNRggVmTR+dEncawDJgCdLMximOVA2p4qO57WMynangsfGRb5WD6L1Bg=="
    },
    "three": {
      "version": "0.141.0",
      "resolved": "https://registry.npmjs.org/three/-/three-0.141.0.tgz",
      "integrity": "sha512-JaSDAPWuk4RTzG5BYRQm8YZbERUxTfTDVouWgHMisS2to4E5fotMS9F2zPFNOIJyEFTTQDDKPpsgZVThKU3pXA=="
    },
    "three-mesh-bvh": {
      "version": "0.5.14",
      "resolved": "https://registry.npmjs.org/three-mesh-bvh/-/three-mesh-bvh-0.5.14.tgz",
      "integrity": "sha512-rSk7SpKDR47m1PmkUxt5na5+dM4h0KW5zF43lMniZGjT4hQn9Om+g64ooFreFIWlQlrNN8pFqiPnDMRZS58/Yw==",
      "requires": {}
    },
    "web-ifc": {
      "version": "0.0.35",
      "resolved": "https://registry.npmjs.org/web-ifc/-/web-ifc-0.0.35.tgz",
      "integrity": "sha512-if/L9RiJAD+jJ1oWtHj44+o2NG6K6azK0otE9Pbppr5hNBnouYfJQNmnHZ+Ya+wZeaByo9KeU64D60Y6lFnT4w=="
    },
    "web-ifc-three": {
      "version": "0.0.117",
      "resolved": "https://registry.npmjs.org/web-ifc-three/-/web-ifc-three-0.0.117.tgz",
      "integrity": "sha512-gXSaKehOkAQw2Di7v6LOqazhquVqdoaueMjiuqNX2OBEFnHFCLUF+9KMlzx3tPUmmcS9fTDRim/dskcGXH/32g==",
      "requires": {
        "three": "^0.135.0",
        "three-mesh-bvh": "^0.5.11",
        "web-ifc": "^0.0.35"
      },
      "dependencies": {
        "three": {
          "version": "0.135.0",
          "resolved": "https://registry.npmjs.org/three/-/three-0.135.0.tgz",
          "integrity": "sha512-kuEpuuxRzLv0MDsXai9huCxOSQPZ4vje6y0gn80SRmQvgz6/+rI0NAvCRAw56zYaWKMGMfqKWsxF9Qa2Z9xymQ=="
        }
      }
    }
  }
}
